{
  "nodes": {
    "crane": {
      "inputs": {
        "flake-compat": "flake-compat",
        "flake-utils": "flake-utils_7",
        "nixpkgs": [
          "lrzhs",
          "nixpkgs"
        ],
        "rust-overlay": "rust-overlay"
      },
      "locked": {
        "lastModified": 1670900067,
        "narHash": "sha256-VXVa+KBfukhmWizaiGiHRVX/fuk66P8dgSFfkVN4/MY=",
        "owner": "ipetkov",
        "repo": "crane",
        "rev": "59b31b41a589c0a65e4a1f86b0e5eac68081468b",
        "type": "github"
      },
      "original": {
        "owner": "ipetkov",
        "repo": "crane",
        "type": "github"
      }
    },
    "dbmigrations": {
      "inputs": {
        "flake-utils": "flake-utils",
        "nixpkgs": "nixpkgs"
      },
      "locked": {
        "lastModified": 1669598473,
        "narHash": "sha256-RjGOGeGeSdBpHNe+Imn+McGUktQdMjf/Vo0y3HOxSH4=",
        "owner": "nuttycom",
        "repo": "dbmigrations",
        "rev": "74ef9388b45ae73a1d9c737d9644e076fe832672",
        "type": "github"
      },
      "original": {
        "owner": "nuttycom",
        "repo": "dbmigrations",
        "rev": "74ef9388b45ae73a1d9c737d9644e076fe832672",
        "type": "github"
      }
    },
    "dbmigrations-postgresql": {
      "inputs": {
        "dbmigrations": "dbmigrations_2",
        "flake-utils": "flake-utils_3",
        "nixpkgs": "nixpkgs_3"
      },
      "locked": {
        "lastModified": 1669601815,
        "narHash": "sha256-0/yPE9I5ZjVHY6jhGEIQwZ0MDlXRSrLM2c+uUyiwAk8=",
        "owner": "nuttycom",
        "repo": "dbmigrations-postgresql",
        "rev": "3c9477e45e923b28d9677dc6291e35bb7c833c28",
        "type": "github"
      },
      "original": {
        "owner": "nuttycom",
        "repo": "dbmigrations-postgresql",
        "rev": "3c9477e45e923b28d9677dc6291e35bb7c833c28",
        "type": "github"
      }
    },
    "dbmigrations-postgresql-simple": {
      "inputs": {
        "dbmigrations": "dbmigrations_3",
        "flake-utils": "flake-utils_5",
        "nixpkgs": "nixpkgs_5"
      },
      "locked": {
        "lastModified": 1669598992,
        "narHash": "sha256-RlhAWRmUeY5wh6jF7nch1FEnvmmuBm5DYNmLopExHkc=",
        "owner": "nuttycom",
        "repo": "dbmigrations-postgresql-simple",
        "rev": "d51bbc5a0b7d91f7c8a12fc28e5ecbe7ac326221",
        "type": "github"
      },
      "original": {
        "owner": "nuttycom",
        "repo": "dbmigrations-postgresql-simple",
        "rev": "d51bbc5a0b7d91f7c8a12fc28e5ecbe7ac326221",
        "type": "github"
      }
    },
    "dbmigrations_2": {
      "inputs": {
        "flake-utils": "flake-utils_2",
        "nixpkgs": "nixpkgs_2"
      },
      "locked": {
        "lastModified": 1669598473,
        "narHash": "sha256-RjGOGeGeSdBpHNe+Imn+McGUktQdMjf/Vo0y3HOxSH4=",
        "owner": "nuttycom",
        "repo": "dbmigrations",
        "rev": "74ef9388b45ae73a1d9c737d9644e076fe832672",
        "type": "github"
      },
      "original": {
        "owner": "nuttycom",
        "repo": "dbmigrations",
        "rev": "74ef9388b45ae73a1d9c737d9644e076fe832672",
        "type": "github"
      }
    },
    "dbmigrations_3": {
      "inputs": {
        "flake-utils": "flake-utils_4",
        "nixpkgs": "nixpkgs_4"
      },
      "locked": {
        "lastModified": 1669598473,
        "narHash": "sha256-RjGOGeGeSdBpHNe+Imn+McGUktQdMjf/Vo0y3HOxSH4=",
        "owner": "nuttycom",
        "repo": "dbmigrations",
        "rev": "74ef9388b45ae73a1d9c737d9644e076fe832672",
        "type": "github"
      },
      "original": {
        "owner": "nuttycom",
        "repo": "dbmigrations",
        "rev": "74ef9388b45ae73a1d9c737d9644e076fe832672",
        "type": "github"
      }
    },
    "flake-compat": {
      "flake": false,
      "locked": {
        "lastModified": 1668681692,
        "narHash": "sha256-Ht91NGdewz8IQLtWZ9LCeNXMSXHUss+9COoqu6JLmXU=",
        "owner": "edolstra",
        "repo": "flake-compat",
        "rev": "009399224d5e398d03b22badca40a37ac85412a1",
        "type": "github"
      },
      "original": {
        "owner": "edolstra",
        "repo": "flake-compat",
        "type": "github"
      }
    },
    "flake-utils": {
      "locked": {
        "lastModified": 1667395993,
        "narHash": "sha256-nuEHfE/LcWyuSWnS8t12N1wc105Qtau+/OdUAjtQ0rA=",
        "owner": "numtide",
        "repo": "flake-utils",
        "rev": "5aed5285a952e0b949eb3ba02c12fa4fcfef535f",
        "type": "github"
      },
      "original": {
        "owner": "numtide",
        "repo": "flake-utils",
        "type": "github"
      }
    },
    "flake-utils_10": {
      "locked": {
        "lastModified": 1667395993,
        "narHash": "sha256-nuEHfE/LcWyuSWnS8t12N1wc105Qtau+/OdUAjtQ0rA=",
        "owner": "numtide",
        "repo": "flake-utils",
        "rev": "5aed5285a952e0b949eb3ba02c12fa4fcfef535f",
        "type": "github"
      },
      "original": {
        "owner": "numtide",
        "repo": "flake-utils",
        "type": "github"
      }
    },
    "flake-utils_2": {
      "locked": {
        "lastModified": 1667395993,
        "narHash": "sha256-nuEHfE/LcWyuSWnS8t12N1wc105Qtau+/OdUAjtQ0rA=",
        "owner": "numtide",
        "repo": "flake-utils",
        "rev": "5aed5285a952e0b949eb3ba02c12fa4fcfef535f",
        "type": "github"
      },
      "original": {
        "owner": "numtide",
        "repo": "flake-utils",
        "type": "github"
      }
    },
    "flake-utils_3": {
      "locked": {
        "lastModified": 1667395993,
        "narHash": "sha256-nuEHfE/LcWyuSWnS8t12N1wc105Qtau+/OdUAjtQ0rA=",
        "owner": "numtide",
        "repo": "flake-utils",
        "rev": "5aed5285a952e0b949eb3ba02c12fa4fcfef535f",
        "type": "github"
      },
      "original": {
        "owner": "numtide",
        "repo": "flake-utils",
        "type": "github"
      }
    },
    "flake-utils_4": {
      "locked": {
        "lastModified": 1667395993,
        "narHash": "sha256-nuEHfE/LcWyuSWnS8t12N1wc105Qtau+/OdUAjtQ0rA=",
        "owner": "numtide",
        "repo": "flake-utils",
        "rev": "5aed5285a952e0b949eb3ba02c12fa4fcfef535f",
        "type": "github"
      },
      "original": {
        "owner": "numtide",
        "repo": "flake-utils",
        "type": "github"
      }
    },
    "flake-utils_5": {
      "locked": {
        "lastModified": 1667395993,
        "narHash": "sha256-nuEHfE/LcWyuSWnS8t12N1wc105Qtau+/OdUAjtQ0rA=",
        "owner": "numtide",
        "repo": "flake-utils",
        "rev": "5aed5285a952e0b949eb3ba02c12fa4fcfef535f",
        "type": "github"
      },
      "original": {
        "owner": "numtide",
        "repo": "flake-utils",
        "type": "github"
      }
    },
    "flake-utils_6": {
      "locked": {
        "lastModified": 1676283394,
        "narHash": "sha256-XX2f9c3iySLCw54rJ/CZs+ZK6IQy7GXNY4nSOyu2QG4=",
        "owner": "numtide",
        "repo": "flake-utils",
        "rev": "3db36a8b464d0c4532ba1c7dda728f4576d6d073",
        "type": "github"
      },
      "original": {
        "owner": "numtide",
        "repo": "flake-utils",
        "type": "github"
      }
    },
    "flake-utils_7": {
      "locked": {
        "lastModified": 1667395993,
        "narHash": "sha256-nuEHfE/LcWyuSWnS8t12N1wc105Qtau+/OdUAjtQ0rA=",
        "owner": "numtide",
        "repo": "flake-utils",
        "rev": "5aed5285a952e0b949eb3ba02c12fa4fcfef535f",
        "type": "github"
      },
      "original": {
        "owner": "numtide",
        "repo": "flake-utils",
        "type": "github"
      }
    },
    "flake-utils_8": {
      "locked": {
        "lastModified": 1667395993,
        "narHash": "sha256-nuEHfE/LcWyuSWnS8t12N1wc105Qtau+/OdUAjtQ0rA=",
        "owner": "numtide",
        "repo": "flake-utils",
        "rev": "5aed5285a952e0b949eb3ba02c12fa4fcfef535f",
        "type": "github"
      },
      "original": {
        "owner": "numtide",
        "repo": "flake-utils",
        "type": "github"
      }
    },
    "flake-utils_9": {
      "locked": {
        "lastModified": 1667395993,
        "narHash": "sha256-nuEHfE/LcWyuSWnS8t12N1wc105Qtau+/OdUAjtQ0rA=",
        "owner": "numtide",
        "repo": "flake-utils",
        "rev": "5aed5285a952e0b949eb3ba02c12fa4fcfef535f",
        "type": "github"
      },
      "original": {
        "owner": "numtide",
        "repo": "flake-utils",
        "type": "github"
      }
    },
    "lrzhs": {
      "inputs": {
        "crane": "crane",
        "flake-utils": "flake-utils_8",
        "nixpkgs": "nixpkgs_6"
      },
      "locked": {
        "lastModified": 1683605369,
        "narHash": "sha256-mFVVgdMjim8VeapEq5Ect9EvTw4ONUmnbfDzeeucduY=",
        "owner": "nuttycom",
        "repo": "lrzhs",
        "rev": "b10c8cc245f2353dfe3f5cbd6e231082a23ced7d",
        "type": "github"
      },
      "original": {
        "owner": "nuttycom",
        "repo": "lrzhs",
        "rev": "b10c8cc245f2353dfe3f5cbd6e231082a23ced7d",
        "type": "github"
      }
    },
    "nixpkgs": {
      "locked": {
        "lastModified": 1669597314,
        "narHash": "sha256-pkCnOnMJfsq4LJhCBbF0DAlWqLkKtC0hNcnwAvS5DtA=",
        "owner": "NixOS",
        "repo": "nixpkgs",
        "rev": "ed6f61e5c0512c669724cc4b880277f34097130f",
        "type": "github"
      },
      "original": {
        "owner": "NixOS",
        "repo": "nixpkgs",
        "type": "github"
      }
    },
    "nixpkgs_2": {
      "locked": {
        "lastModified": 1669483019,
        "narHash": "sha256-T+FRTN/Zjk/mci7zTRsZK3bUoBuSRQ5QZHSlW6GgMJ4=",
        "owner": "NixOS",
        "repo": "nixpkgs",
        "rev": "95f6d3192be88c527c485a09ddc83ad7e425d726",
        "type": "github"
      },
      "original": {
        "owner": "NixOS",
        "repo": "nixpkgs",
        "type": "github"
      }
    },
    "nixpkgs_3": {
      "locked": {
        "lastModified": 1669597314,
        "narHash": "sha256-pkCnOnMJfsq4LJhCBbF0DAlWqLkKtC0hNcnwAvS5DtA=",
        "owner": "nixos",
        "repo": "nixpkgs",
        "rev": "ed6f61e5c0512c669724cc4b880277f34097130f",
        "type": "github"
      },
      "original": {
        "owner": "nixos",
        "repo": "nixpkgs",
        "type": "github"
      }
    },
    "nixpkgs_4": {
      "locked": {
        "lastModified": 1669597314,
        "narHash": "sha256-pkCnOnMJfsq4LJhCBbF0DAlWqLkKtC0hNcnwAvS5DtA=",
        "owner": "NixOS",
        "repo": "nixpkgs",
        "rev": "ed6f61e5c0512c669724cc4b880277f34097130f",
        "type": "github"
      },
      "original": {
        "owner": "NixOS",
        "repo": "nixpkgs",
        "type": "github"
      }
    },
    "nixpkgs_5": {
      "locked": {
        "lastModified": 1669512820,
        "narHash": "sha256-FGyAyWRzk3xTm1VstaDkFiMzvN7sbHRdm5YPZ0xUvk4=",
        "owner": "NixOS",
        "repo": "nixpkgs",
        "rev": "390e82438a31a347f7b5966380cb40243fe6531b",
        "type": "github"
      },
      "original": {
        "owner": "NixOS",
        "repo": "nixpkgs",
        "type": "github"
      }
    },
    "nixpkgs_6": {
      "locked": {
        "lastModified": 1671293269,
        "narHash": "sha256-O5x+xAbv/aj7sUJ3Utz7sro0xpqAhx83JA+Wp2CHWsg=",
        "owner": "NixOS",
        "repo": "nixpkgs",
        "rev": "da36c54602a7dd9ff707c89a48df2405a7b0d703",
        "type": "github"
      },
      "original": {
        "owner": "NixOS",
        "ref": "release-22.11",
        "repo": "nixpkgs",
        "type": "github"
      }
    },
    "nixpkgs_7": {
      "locked": {
        "lastModified": 1677447818,
        "narHash": "sha256-dgXEUbz2hgaJL4xCD/5JLhA36UJOhP4qn7Cp6UZhB0I=",
        "owner": "NixOS",
        "repo": "nixpkgs",
        "rev": "8bd260eb578e3fea6bce158b24c93ab158d031e7",
        "type": "github"
      },
      "original": {
        "owner": "NixOS",
        "ref": "release-22.11",
        "repo": "nixpkgs",
        "type": "github"
      }
    },
    "nixpkgs_8": {
      "locked": {
        "lastModified": 1671391912,
        "narHash": "sha256-W8sbJuN/i+OZdRuIzDiIyKOqVB/G26zh9DQL1rfp2xk=",
        "owner": "NixOS",
        "repo": "nixpkgs",
        "rev": "09e8ac77744dd036e58ab2284e6f5c03a6d6ed41",
        "type": "github"
      },
      "original": {
        "owner": "NixOS",
        "ref": "release-22.11",
        "repo": "nixpkgs",
        "type": "github"
      }
    },
    "nixpkgs_9": {
      "locked": {
        "lastModified": 1672445539,
        "narHash": "sha256-wb92a4hgDiLV1Zb9f+Pjd5ORmo3IxxI4AkJC/Ig6gqg=",
        "owner": "NixOS",
        "repo": "nixpkgs",
        "rev": "52320d9779090d5f3427afca688b4246351c2b12",
        "type": "github"
      },
      "original": {
        "owner": "NixOS",
        "ref": "haskell-updates",
        "repo": "nixpkgs",
        "type": "github"
      }
    },
    "root": {
      "inputs": {
        "dbmigrations": "dbmigrations",
        "dbmigrations-postgresql": "dbmigrations-postgresql",
        "dbmigrations-postgresql-simple": "dbmigrations-postgresql-simple",
        "flake-utils": "flake-utils_6",
        "lrzhs": "lrzhs",
        "nixpkgs": "nixpkgs_7",
        "thyme": "thyme"
      }
    },
    "rust-overlay": {
      "inputs": {
        "flake-utils": [
          "lrzhs",
          "crane",
          "flake-utils"
        ],
        "nixpkgs": [
          "lrzhs",
          "crane",
          "nixpkgs"
        ]
      },
      "locked": {
        "lastModified": 1670034122,
        "narHash": "sha256-EqmuOKucPWtMvCZtHraHr3Q3bgVszq1x2PoZtQkUuEk=",
        "owner": "oxalica",
        "repo": "rust-overlay",
        "rev": "a0d5773275ecd4f141d792d3a0376277c0fc0b65",
        "type": "github"
      },
      "original": {
        "owner": "oxalica",
        "repo": "rust-overlay",
        "type": "github"
      }
    },
    "thyme": {
      "inputs": {
        "flake-utils": "flake-utils_9",
        "nixpkgs": "nixpkgs_8",
        "true-name": "true-name"
      },
      "locked": {
        "lastModified": 1672449320,
        "narHash": "sha256-PGuITPgJoeGtdl6fjg6s6G9MJeBOE+2qWQzcpXCiEdI=",
        "owner": "nuttycom",
        "repo": "thyme",
        "rev": "14422f2dd5ba369cf68b1c42363dcb6f92860ccc",
        "type": "github"
      },
      "original": {
        "owner": "nuttycom",
        "repo": "thyme",
        "rev": "14422f2dd5ba369cf68b1c42363dcb6f92860ccc",
        "type": "github"
      }
    },
    "true-name": {
      "inputs": {
        "flake-utils": "flake-utils_10",
        "nixpkgs": "nixpkgs_9"
      },
      "locked": {
        "lastModified": 1672447106,
        "narHash": "sha256-RJerQdGjz5mbslnzPgO+2v+G/9QOeaa155VKKAxyrVg=",
        "owner": "nuttycom",
        "repo": "true-name",
        "rev": "6ec32f4170a4bf823f6d80d1e3b6dc3e18746d87",
        "type": "github"
      },
      "original": {
        "owner": "nuttycom",
        "repo": "true-name",
        "rev": "6ec32f4170a4bf823f6d80d1e3b6dc3e18746d87",
        "type": "github"
      }
    }
  },
  "root": "root",
  "version": 7
}
