{
  "nodes": {
    "bippy": {
      "inputs": {
        "flake-utils": "flake-utils",
        "nixpkgs": [
          "nixpkgs"
        ]
      },
      "locked": {
        "lastModified": 1769373196,
        "narHash": "sha256-k7qA/L4ADlDJMK/9CHAMlPUjMy5soanlSmB3XLqZWKs=",
        "owner": "aftok",
        "repo": "bippy",
        "rev": "1108583dc3211f9685ab5b3f04a99c7f9d84d544",
        "type": "github"
      },
      "original": {
        "owner": "aftok",
        "ref": "1108583",
        "repo": "bippy",
        "type": "github"
      }
    },
    "crane": {
      "locked": {
        "lastModified": 1769287525,
        "narHash": "sha256-gABuYA6BzoRMLuPaeO5p7SLrpd4qExgkwEmYaYQY4bM=",
        "owner": "ipetkov",
        "repo": "crane",
        "rev": "0314e365877a85c9e5758f9ea77a9972afbb4c21",
        "type": "github"
      },
      "original": {
        "owner": "ipetkov",
        "repo": "crane",
        "type": "github"
      }
    },
    "dbmigrations": {
      "inputs": {
        "flake-utils": "flake-utils_2",
        "nixpkgs": [
          "nixpkgs"
        ]
      },
      "locked": {
        "lastModified": 1769403042,
        "narHash": "sha256-4wywuuLXFdCiMsIAHppYAIF/6qGxZDB0ylqfFLMunjU=",
        "owner": "haskell-github-trust",
        "repo": "dbmigrations",
        "rev": "e2840f47f819252f1cc9c6010b5c7bff5d4df763",
        "type": "github"
      },
      "original": {
        "owner": "haskell-github-trust",
        "repo": "dbmigrations",
        "rev": "e2840f47f819252f1cc9c6010b5c7bff5d4df763",
        "type": "github"
      }
    },
    "dbmigrations-postgresql": {
      "inputs": {
        "dbmigrations": "dbmigrations_2",
        "flake-utils": "flake-utils_4",
        "nixpkgs": [
          "nixpkgs"
        ]
      },
      "locked": {
        "lastModified": 1769403497,
        "narHash": "sha256-epIfSQJpJjGz0MJQ6z14W7b3v09nRbqvFYlM24OHOV8=",
        "owner": "nuttycom",
        "repo": "dbmigrations-postgresql",
        "rev": "6c6dffaba5a7a51b21a7f9d5862ea02bb899f3ee",
        "type": "github"
      },
      "original": {
        "owner": "nuttycom",
        "repo": "dbmigrations-postgresql",
        "rev": "6c6dffaba5a7a51b21a7f9d5862ea02bb899f3ee",
        "type": "github"
      }
    },
    "dbmigrations-postgresql-simple": {
      "inputs": {
        "dbmigrations": "dbmigrations_3",
        "flake-utils": "flake-utils_6",
        "nixpkgs": [
          "nixpkgs"
        ]
      },
      "locked": {
        "lastModified": 1769370110,
        "narHash": "sha256-5FsjWQm4vZczkkuyjOsC8O+uFER/ZT1YtwVoXSUJpxM=",
        "owner": "nuttycom",
        "repo": "dbmigrations-postgresql-simple",
        "rev": "f26b9e1ab27b9ff8f269c6541a7606bcbc22e02a",
        "type": "github"
      },
      "original": {
        "owner": "nuttycom",
        "repo": "dbmigrations-postgresql-simple",
        "rev": "f26b9e1ab27b9ff8f269c6541a7606bcbc22e02a",
        "type": "github"
      }
    },
    "dbmigrations_2": {
      "inputs": {
        "flake-utils": "flake-utils_3",
        "nixpkgs": [
          "dbmigrations-postgresql",
          "nixpkgs"
        ]
      },
      "locked": {
        "lastModified": 1769403042,
        "narHash": "sha256-4wywuuLXFdCiMsIAHppYAIF/6qGxZDB0ylqfFLMunjU=",
        "owner": "haskell-github-trust",
        "repo": "dbmigrations",
        "rev": "e2840f47f819252f1cc9c6010b5c7bff5d4df763",
        "type": "github"
      },
      "original": {
        "owner": "haskell-github-trust",
        "repo": "dbmigrations",
        "rev": "e2840f47f819252f1cc9c6010b5c7bff5d4df763",
        "type": "github"
      }
    },
    "dbmigrations_3": {
      "inputs": {
        "flake-utils": "flake-utils_5",
        "nixpkgs": [
          "dbmigrations-postgresql-simple",
          "nixpkgs"
        ]
      },
      "locked": {
        "lastModified": 1769367998,
        "narHash": "sha256-+asn+o0SsVU51IzQh+/sQ9CrkkdcKd8MU8pZc4jUSBM=",
        "owner": "haskell-github-trust",
        "repo": "dbmigrations",
        "rev": "d870aa2bdc6ac219bfdd182bcada3a9534dc23a8",
        "type": "github"
      },
      "original": {
        "owner": "haskell-github-trust",
        "repo": "dbmigrations",
        "rev": "d870aa2bdc6ac219bfdd182bcada3a9534dc23a8",
        "type": "github"
      }
    },
    "flake-utils": {
      "inputs": {
        "systems": "systems"
      },
      "locked": {
        "lastModified": 1731533236,
        "narHash": "sha256-l0KFg5HjrsfsO/JpG+r7fRrqm12kzFHyUHqHCVpMMbI=",
        "owner": "numtide",
        "repo": "flake-utils",
        "rev": "11707dc2f618dd54ca8739b309ec4fc024de578b",
        "type": "github"
      },
      "original": {
        "owner": "numtide",
        "repo": "flake-utils",
        "type": "github"
      }
    },
    "flake-utils_2": {
      "inputs": {
        "systems": "systems_2"
      },
      "locked": {
        "lastModified": 1731533236,
        "narHash": "sha256-l0KFg5HjrsfsO/JpG+r7fRrqm12kzFHyUHqHCVpMMbI=",
        "owner": "numtide",
        "repo": "flake-utils",
        "rev": "11707dc2f618dd54ca8739b309ec4fc024de578b",
        "type": "github"
      },
      "original": {
        "owner": "numtide",
        "repo": "flake-utils",
        "type": "github"
      }
    },
    "flake-utils_3": {
      "inputs": {
        "systems": "systems_3"
      },
      "locked": {
        "lastModified": 1731533236,
        "narHash": "sha256-l0KFg5HjrsfsO/JpG+r7fRrqm12kzFHyUHqHCVpMMbI=",
        "owner": "numtide",
        "repo": "flake-utils",
        "rev": "11707dc2f618dd54ca8739b309ec4fc024de578b",
        "type": "github"
      },
      "original": {
        "owner": "numtide",
        "repo": "flake-utils",
        "type": "github"
      }
    },
    "flake-utils_4": {
      "inputs": {
        "systems": "systems_4"
      },
      "locked": {
        "lastModified": 1731533236,
        "narHash": "sha256-l0KFg5HjrsfsO/JpG+r7fRrqm12kzFHyUHqHCVpMMbI=",
        "owner": "numtide",
        "repo": "flake-utils",
        "rev": "11707dc2f618dd54ca8739b309ec4fc024de578b",
        "type": "github"
      },
      "original": {
        "owner": "numtide",
        "repo": "flake-utils",
        "type": "github"
      }
    },
    "flake-utils_5": {
      "inputs": {
        "systems": "systems_5"
      },
      "locked": {
        "lastModified": 1731533236,
        "narHash": "sha256-l0KFg5HjrsfsO/JpG+r7fRrqm12kzFHyUHqHCVpMMbI=",
        "owner": "numtide",
        "repo": "flake-utils",
        "rev": "11707dc2f618dd54ca8739b309ec4fc024de578b",
        "type": "github"
      },
      "original": {
        "owner": "numtide",
        "repo": "flake-utils",
        "type": "github"
      }
    },
    "flake-utils_6": {
      "inputs": {
        "systems": "systems_6"
      },
      "locked": {
        "lastModified": 1731533236,
        "narHash": "sha256-l0KFg5HjrsfsO/JpG+r7fRrqm12kzFHyUHqHCVpMMbI=",
        "owner": "numtide",
        "repo": "flake-utils",
        "rev": "11707dc2f618dd54ca8739b309ec4fc024de578b",
        "type": "github"
      },
      "original": {
        "owner": "numtide",
        "repo": "flake-utils",
        "type": "github"
      }
    },
    "flake-utils_7": {
      "inputs": {
        "systems": "systems_7"
      },
      "locked": {
        "lastModified": 1731533236,
        "narHash": "sha256-l0KFg5HjrsfsO/JpG+r7fRrqm12kzFHyUHqHCVpMMbI=",
        "owner": "numtide",
        "repo": "flake-utils",
        "rev": "11707dc2f618dd54ca8739b309ec4fc024de578b",
        "type": "github"
      },
      "original": {
        "owner": "numtide",
        "repo": "flake-utils",
        "type": "github"
      }
    },
    "flake-utils_8": {
      "inputs": {
        "systems": "systems_8"
      },
      "locked": {
        "lastModified": 1731533236,
        "narHash": "sha256-l0KFg5HjrsfsO/JpG+r7fRrqm12kzFHyUHqHCVpMMbI=",
        "owner": "numtide",
        "repo": "flake-utils",
        "rev": "11707dc2f618dd54ca8739b309ec4fc024de578b",
        "type": "github"
      },
      "original": {
        "owner": "numtide",
        "repo": "flake-utils",
        "type": "github"
      }
    },
    "lrzhs": {
      "inputs": {
        "crane": "crane",
        "flake-utils": "flake-utils_8",
        "nixpkgs": [
          "nixpkgs"
        ]
      },
      "locked": {
        "lastModified": 1770245715,
        "narHash": "sha256-Z1QKQzkpZqOuvs4MNM8i67S6XPSWL982mH2wL7cHOXc=",
        "owner": "sellout",
        "repo": "lrzhs",
        "rev": "c5a9dd896b6aaede2a6dc83906262d3818ba3933",
        "type": "github"
      },
      "original": {
        "owner": "sellout",
        "repo": "lrzhs",
        "rev": "c5a9dd896b6aaede2a6dc83906262d3818ba3933",
        "type": "github"
      }
    },
    "nixpkgs": {
      "locked": {
        "lastModified": 1769367530,
        "narHash": "sha256-EAQT/bLs9vVOat0nWLu427OAmCGwc7QC/e1XFpdtWzI=",
        "owner": "NixOS",
        "repo": "nixpkgs",
        "rev": "d7ce475e6bf95e7c66c6c980b959a0445d7b9abd",
        "type": "github"
      },
      "original": {
        "owner": "NixOS",
        "ref": "release-25.11",
        "repo": "nixpkgs",
        "type": "github"
      }
    },
    "root": {
      "inputs": {
        "bippy": "bippy",
        "dbmigrations": "dbmigrations",
        "dbmigrations-postgresql": "dbmigrations-postgresql",
        "dbmigrations-postgresql-simple": "dbmigrations-postgresql-simple",
        "flake-utils": "flake-utils_7",
        "lrzhs": "lrzhs",
        "nixpkgs": "nixpkgs"
      }
    },
    "systems": {
      "locked": {
        "lastModified": 1681028828,
        "narHash": "sha256-Vy1rq5AaRuLzOxct8nz4T6wlgyUR7zLU309k9mBC768=",
        "owner": "nix-systems",
        "repo": "default",
        "rev": "da67096a3b9bf56a91d16901293e51ba5b49a27e",
        "type": "github"
      },
      "original": {
        "owner": "nix-systems",
        "repo": "default",
        "type": "github"
      }
    },
    "systems_2": {
      "locked": {
        "lastModified": 1681028828,
        "narHash": "sha256-Vy1rq5AaRuLzOxct8nz4T6wlgyUR7zLU309k9mBC768=",
        "owner": "nix-systems",
        "repo": "default",
        "rev": "da67096a3b9bf56a91d16901293e51ba5b49a27e",
        "type": "github"
      },
      "original": {
        "owner": "nix-systems",
        "repo": "default",
        "type": "github"
      }
    },
    "systems_3": {
      "locked": {
        "lastModified": 1681028828,
        "narHash": "sha256-Vy1rq5AaRuLzOxct8nz4T6wlgyUR7zLU309k9mBC768=",
        "owner": "nix-systems",
        "repo": "default",
        "rev": "da67096a3b9bf56a91d16901293e51ba5b49a27e",
        "type": "github"
      },
      "original": {
        "owner": "nix-systems",
        "repo": "default",
        "type": "github"
      }
    },
    "systems_4": {
      "locked": {
        "lastModified": 1681028828,
        "narHash": "sha256-Vy1rq5AaRuLzOxct8nz4T6wlgyUR7zLU309k9mBC768=",
        "owner": "nix-systems",
        "repo": "default",
        "rev": "da67096a3b9bf56a91d16901293e51ba5b49a27e",
        "type": "github"
      },
      "original": {
        "owner": "nix-systems",
        "repo": "default",
        "type": "github"
      }
    },
    "systems_5": {
      "locked": {
        "lastModified": 1681028828,
        "narHash": "sha256-Vy1rq5AaRuLzOxct8nz4T6wlgyUR7zLU309k9mBC768=",
        "owner": "nix-systems",
        "repo": "default",
        "rev": "da67096a3b9bf56a91d16901293e51ba5b49a27e",
        "type": "github"
      },
      "original": {
        "owner": "nix-systems",
        "repo": "default",
        "type": "github"
      }
    },
    "systems_6": {
      "locked": {
        "lastModified": 1681028828,
        "narHash": "sha256-Vy1rq5AaRuLzOxct8nz4T6wlgyUR7zLU309k9mBC768=",
        "owner": "nix-systems",
        "repo": "default",
        "rev": "da67096a3b9bf56a91d16901293e51ba5b49a27e",
        "type": "github"
      },
      "original": {
        "owner": "nix-systems",
        "repo": "default",
        "type": "github"
      }
    },
    "systems_7": {
      "locked": {
        "lastModified": 1681028828,
        "narHash": "sha256-Vy1rq5AaRuLzOxct8nz4T6wlgyUR7zLU309k9mBC768=",
        "owner": "nix-systems",
        "repo": "default",
        "rev": "da67096a3b9bf56a91d16901293e51ba5b49a27e",
        "type": "github"
      },
      "original": {
        "owner": "nix-systems",
        "repo": "default",
        "type": "github"
      }
    },
    "systems_8": {
      "locked": {
        "lastModified": 1681028828,
        "narHash": "sha256-Vy1rq5AaRuLzOxct8nz4T6wlgyUR7zLU309k9mBC768=",
        "owner": "nix-systems",
        "repo": "default",
        "rev": "da67096a3b9bf56a91d16901293e51ba5b49a27e",
        "type": "github"
      },
      "original": {
        "owner": "nix-systems",
        "repo": "default",
        "type": "github"
      }
    }
  },
  "root": "root",
  "version": 7
}
