# This file was autogenerated by Stack.
# You should not edit this file by hand.
# For more information, please see the documentation at:
#   https://docs.haskellstack.org/en/stable/lock_files

packages:
- completed:
    hackage: snap-1.1.2.0@sha256:5640450870d06e659b0f31dd47a7b767a053a78b48048ff8c12c014e08d6651e,9175
    pantry-tree:
      size: 5743
      sha256: ef0dfdb19409ce2aae0d8d9c6312e51931b89f0285bf5798a2349d8130cab89a
  original:
    hackage: snap-1.1.2.0@sha256:5640450870d06e659b0f31dd47a7b767a053a78b48048ff8c12c014e08d6651e
- completed:
    hackage: snaplet-postgresql-simple-1.1.0.0@sha256:93979aebd232cd92e2971faa118eb78cce399191278d4655354ed292fa980999,2700
    pantry-tree:
      size: 655
      sha256: 6525a26918dec9179af73a433ac8de4d5a456f5f96a9fcd23f6365e3999b4f5a
  original:
    hackage: snaplet-postgresql-simple-1.1.0.0@sha256:93979aebd232cd92e2971faa118eb78cce399191278d4655354ed292fa980999
- completed:
    hackage: heist-1.1.0.1@sha256:7c0fe723e766e41a234def6ad3162958512ad78d3aaaa9b36676186a4427dd01,8973
    pantry-tree:
      size: 7354
      sha256: 1ed83746a3e9470618ef67da249b0b4d78c87cc5c50d9c892e27db057c0d4866
  original:
    hackage: heist-1.1.0.1@sha256:7c0fe723e766e41a234def6ad3162958512ad78d3aaaa9b36676186a4427dd01
- completed:
    hackage: map-syntax-0.3@sha256:84dc86fa1c292af25963bf7212ae7d55ce87239a9f8d4cc85bd0acc35874d2e1,2420
    pantry-tree:
      size: 558
      sha256: bb33cb3230b362d94f2367b313f06f9d73d2b2afa4626bd2fab8dc4d45468164
  original:
    hackage: map-syntax-0.3@sha256:84dc86fa1c292af25963bf7212ae7d55ce87239a9f8d4cc85bd0acc35874d2e1
- completed:
    hackage: http-client-openssl-0.3.0.0@sha256:cd617e7bef6c3d8ac4587d7c623b80c35a15735d0142e56eca0ae1c8a67a1b5d,1548
    pantry-tree:
      size: 387
      sha256: 5712016dbe69a539ca265b8e1b248d499445a2a414ac3a8bc9c8a62bef0ffc6d
  original:
    hackage: http-client-openssl-0.3.0.0@sha256:cd617e7bef6c3d8ac4587d7c623b80c35a15735d0142e56eca0ae1c8a67a1b5d
- completed:
    hackage: pwstore-fast-2.4.4@sha256:9b6a37510d8b9f37f409a8ab3babac9181afcaaa3fce8ba1c131a7ed3de30698,1351
    pantry-tree:
      size: 270
      sha256: ff4a44ede62515efe5cd366a5803f7183c811c4a0cf56eea88da94181c4844c0
  original:
    hackage: pwstore-fast-2.4.4@sha256:9b6a37510d8b9f37f409a8ab3babac9181afcaaa3fce8ba1c131a7ed3de30698
- completed:
    hackage: xmlhtml-0.2.5.2@sha256:0e9ada870a5c5c7d522ed8444bef0f9f0e1587e31a5881f15a5f9cdd983af8b4,46997
    pantry-tree:
      size: 61835
      sha256: 13fdaf307ac4a3f60999aca0c367792e97f92428f56ffe144092a6360bd1e33f
  original:
    hackage: xmlhtml-0.2.5.2@sha256:0e9ada870a5c5c7d522ed8444bef0f9f0e1587e31a5881f15a5f9cdd983af8b4
- completed:
    cabal-file:
      size: 2747
      sha256: 6ec7c63e2fa691f9b07015e756018f1dbc13d280521801664cee1317be07cf71
    name: bippy
    version: 0.1.0.0
    git: https://github.com/aftok/bippy.git
    pantry-tree:
      size: 3547
      sha256: 4ee75c44d9cb4b8a39bbd297d63866a3a738108b438e33dfad068a78edcea5dc
    commit: 1c60b6fee50fff28f40c5d5412de422f4a501f66
  original:
    git: https://github.com/aftok/bippy.git
    commit: 1c60b6fee50fff28f40c5d5412de422f4a501f66
snapshots:
- completed:
    size: 496697
    url: https://raw.githubusercontent.com/commercialhaskell/stackage-snapshots/master/lts/13/9.yaml
    sha256: 3846ba7d13dd1b2679426dc3f450332a3b8a181063b0f3fc2d0c7d55db2e9c24
  original: lts-13.9
